
Microsoft Visual Studio Solution File, Format Version 12.00
# Visual Studio 15
VisualStudioVersion = 15.0.27130.2024
MinimumVisualStudioVersion = 10.0.40219.1
Project("{FAE04EC0-301F-11D3-BF4B-00C04F79EFBC}") = "LoginPage", "LoginPage\LoginPage.csproj", "{E460CA58-3757-4431-8B50-3E0CEF1E2D23}"
EndProject
Project("{FAE04EC0-301F-11D3-BF4B-00C04F79EFBC}") = "WindowsFormsApp1", "..\WindowsFormsApp1\WindowsFormsApp1.csproj", "{333F02FF-6FB8-4400-B5DD-A643DBC04868}"
EndProject
Global
	GlobalSection(SolutionConfigurationPlatforms) = preSolution
		Debug|Any CPU = Debug|Any CPU
		Release|Any CPU = Release|Any CPU
	EndGlobalSection
	GlobalSection(ProjectConfigurationPlatforms) = postSolution
		{E460CA58-3757-4431-8B50-3E0CEF1E2D23}.Debug|Any CPU.ActiveCfg = Debug|Any CPU
		{E460CA58-3757-4431-8B50-3E0CEF1E2D23}.Debug|Any CPU.Build.0 = Debug|Any CPU
		{E460CA58-3757-4431-8B50-3E0CEF1E2D23}.Release|Any CPU.ActiveCfg = Release|Any CPU
		{E460CA58-3757-4431-8B50-3E0CEF1E2D23}.Release|Any CPU.Build.0 = Release|Any CPU
		{333F02FF-6FB8-4400-B5DD-A643DBC04868}.Debug|Any CPU.ActiveCfg = Debug|Any CPU
		{333F02FF-6FB8-4400-B5DD-A643DBC04868}.Debug|Any CPU.Build.0 = Debug|Any CPU
		{333F02FF-6FB8-4400-B5DD-A643DBC04868}.Release|Any CPU.ActiveCfg = Release|Any CPU
		{333F02FF-6FB8-4400-B5DD-A643DBC04868}.Release|Any CPU.Build.0 = Release|Any CPU
	EndGlobalSection
	GlobalSection(SolutionProperties) = preSolution
		HideSolutionNode = FALSE
	EndGlobalSection
	GlobalSection(ExtensibilityGlobals) = postSolution
		SolutionGuid = {16F41199-42AA-4E41-9075-85818848E197}
	EndGlobalSection
EndGlobal
